
Microsoft Visual Studio Solution File, Format Version 12.00
# Visual Studio Version 17
VisualStudioVersion = 17.0.31903.59
MinimumVisualStudioVersion = 10.0.40219.1
Project("{FAE04EC0-301F-11D3-BF4B-00C04F79EFBC}") = "StringLibrary", "StringLibrary\StringLibrary.csproj", "{AAE2A6E8-2734-4A93-AEBA-2FC956A47F09}"
EndProject
Project("{FAE04EC0-301F-11D3-BF4B-00C04F79EFBC}") = "ShowCase", "ShowCase\ShowCase.csproj", "{228E83FD-36BD-4F2A-8AFE-8EEE2699A63F}"
EndProject
Project("{FAE04EC0-301F-11D3-BF4B-00C04F79EFBC}") = "StringLibraryTest", "StringLibraryTest\StringLibraryTest.csproj", "{D32A7218-82BA-40A5-9439-D8091B806B20}"
EndProject
Global
	GlobalSection(SolutionConfigurationPlatforms) = preSolution
		Debug|Any CPU = Debug|Any CPU
		Release|Any CPU = Release|Any CPU
	EndGlobalSection
	GlobalSection(SolutionProperties) = preSolution
		HideSolutionNode = FALSE
	EndGlobalSection
	GlobalSection(ProjectConfigurationPlatforms) = postSolution
		{AAE2A6E8-2734-4A93-AEBA-2FC956A47F09}.Debug|Any CPU.ActiveCfg = Debug|Any CPU
		{AAE2A6E8-2734-4A93-AEBA-2FC956A47F09}.Debug|Any CPU.Build.0 = Debug|Any CPU
		{AAE2A6E8-2734-4A93-AEBA-2FC956A47F09}.Release|Any CPU.ActiveCfg = Release|Any CPU
		{AAE2A6E8-2734-4A93-AEBA-2FC956A47F09}.Release|Any CPU.Build.0 = Release|Any CPU
		{228E83FD-36BD-4F2A-8AFE-8EEE2699A63F}.Debug|Any CPU.ActiveCfg = Debug|Any CPU
		{228E83FD-36BD-4F2A-8AFE-8EEE2699A63F}.Debug|Any CPU.Build.0 = Debug|Any CPU
		{228E83FD-36BD-4F2A-8AFE-8EEE2699A63F}.Release|Any CPU.ActiveCfg = Release|Any CPU
		{228E83FD-36BD-4F2A-8AFE-8EEE2699A63F}.Release|Any CPU.Build.0 = Release|Any CPU
		{D32A7218-82BA-40A5-9439-D8091B806B20}.Debug|Any CPU.ActiveCfg = Debug|Any CPU
		{D32A7218-82BA-40A5-9439-D8091B806B20}.Debug|Any CPU.Build.0 = Debug|Any CPU
		{D32A7218-82BA-40A5-9439-D8091B806B20}.Release|Any CPU.ActiveCfg = Release|Any CPU
		{D32A7218-82BA-40A5-9439-D8091B806B20}.Release|Any CPU.Build.0 = Release|Any CPU
	EndGlobalSection
EndGlobal
